
Microsoft Visual Studio Solution File, Format Version 12.00
# Visual Studio Version 16
VisualStudioVersion = 16.0.28803.156
MinimumVisualStudioVersion = 10.0.40219.1
Project("{FAE04EC0-301F-11D3-BF4B-00C04F79EFBC}") = "SumDoubles", "SumDoubles\SumDoubles.csproj", "{BDFBB067-36C3-4749-8303-974BFE5F1100}"
EndProject
Global
	GlobalSection(SolutionConfigurationPlatforms) = preSolution
		Debug|Any CPU = Debug|Any CPU
		Release|Any CPU = Release|Any CPU
	EndGlobalSection
	GlobalSection(ProjectConfigurationPlatforms) = postSolution
		{BDFBB067-36C3-4749-8303-974BFE5F1100}.Debug|Any CPU.ActiveCfg = Debug|Any CPU
		{BDFBB067-36C3-4749-8303-974BFE5F1100}.Debug|Any CPU.Build.0 = Debug|Any CPU
		{BDFBB067-36C3-4749-8303-974BFE5F1100}.Release|Any CPU.ActiveCfg = Release|Any CPU
		{BDFBB067-36C3-4749-8303-974BFE5F1100}.Release|Any CPU.Build.0 = Release|Any CPU
	EndGlobalSection
	GlobalSection(SolutionProperties) = preSolution
		HideSolutionNode = FALSE
	EndGlobalSection
	GlobalSection(ExtensibilityGlobals) = postSolution
		SolutionGuid = {0DB44F64-8AC6-4EDE-92FE-53893E4CEC9F}
	EndGlobalSection
EndGlobal
